# THIS IS AN AUTOGENERATED FILE. DO NOT EDIT THIS FILE DIRECTLY.
# yarn lockfile v1


lodash@^4.17.4:
  version "4.17.4"
  resolved "https://registry.yarnpkg.com/lodash/-/lodash-4.17.4.tgz#78203a4d1c328ae1d86dca6460e369b57f4055ae"

nodeload@^0.4.0:
  version "0.4.0"
  resolved "https://registry.yarnpkg.com/nodeload/-/nodeload-0.4.0.tgz#79fa406f7166229459bebd7db621940416b676ec"
  dependencies:
    optparse "1.0.3"

optparse@1.0.3:
  version "1.0.3"
  resolved "https://registry.yarnpkg.com/optparse/-/optparse-1.0.3.tgz#2ff49a3d691b90b0b9a1be9117f292373eb1bd66"
